
Microsoft Visual Studio Solution File, Format Version 12.00
# Visual Studio Version 17
VisualStudioVersion = 17.14.36414.22
MinimumVisualStudioVersion = 10.0.40219.1
Project("{FAE04EC0-301F-11D3-BF4B-00C04F79EFBC}") = "EvCoOwnership.API", "EvCoOwnership.API\EvCoOwnership.API.csproj", "{E6B43D2C-4869-4AFA-90D2-5DEEB0AA1008}"
EndProject
Project("{FAE04EC0-301F-11D3-BF4B-00C04F79EFBC}") = "EvCoOwnership.Services", "EvCoOwnership.Services\EvCoOwnership.Services.csproj", "{2A6A4A42-B138-4003-972E-610E337F89C7}"
EndProject
Project("{FAE04EC0-301F-11D3-BF4B-00C04F79EFBC}") = "EvCoOwnership.Repositories", "EvCoOwnership.Repositories\EvCoOwnership.Repositories.csproj", "{2DEC3672-70AA-4D54-B1EC-E941305ECE50}"
EndProject
Project("{2150E333-8FDC-42A3-9474-1A3956D46DE8}") = "1. Presentation", "1. Presentation", "{02EA681E-C7D8-13C7-8484-4AC65E1B71E8}"
EndProject
Project("{2150E333-8FDC-42A3-9474-1A3956D46DE8}") = "2. Services", "2. Services", "{0D186028-A922-4B95-92AD-29C872AB6AFD}"
EndProject
Project("{2150E333-8FDC-42A3-9474-1A3956D46DE8}") = "3. Repositories", "3. Repositories", "{B778893C-82DB-481A-ACC0-8B801B0749C7}"
EndProject
Project("{2150E333-8FDC-42A3-9474-1A3956D46DE8}") = "Misc", "Misc", "{89EBCD25-1FB2-47AF-B1D7-AE9ED8CBD87E}"
EndProject
Project("{FAE04EC0-301F-11D3-BF4B-00C04F79EFBC}") = "EvCoOwnership.Helpers", "EvCoOwnership.Helpers\EvCoOwnership.Helpers.csproj", "{93181C70-5DA0-4C25-995D-9B2778D0E76B}"
EndProject
Global
	GlobalSection(SolutionConfigurationPlatforms) = preSolution
		Debug|Any CPU = Debug|Any CPU
		Release|Any CPU = Release|Any CPU
	EndGlobalSection
	GlobalSection(ProjectConfigurationPlatforms) = postSolution
		{E6B43D2C-4869-4AFA-90D2-5DEEB0AA1008}.Debug|Any CPU.ActiveCfg = Debug|Any CPU
		{E6B43D2C-4869-4AFA-90D2-5DEEB0AA1008}.Debug|Any CPU.Build.0 = Debug|Any CPU
		{E6B43D2C-4869-4AFA-90D2-5DEEB0AA1008}.Release|Any CPU.ActiveCfg = Release|Any CPU
		{E6B43D2C-4869-4AFA-90D2-5DEEB0AA1008}.Release|Any CPU.Build.0 = Release|Any CPU
		{2A6A4A42-B138-4003-972E-610E337F89C7}.Debug|Any CPU.ActiveCfg = Debug|Any CPU
		{2A6A4A42-B138-4003-972E-610E337F89C7}.Debug|Any CPU.Build.0 = Debug|Any CPU
		{2A6A4A42-B138-4003-972E-610E337F89C7}.Release|Any CPU.ActiveCfg = Release|Any CPU
		{2A6A4A42-B138-4003-972E-610E337F89C7}.Release|Any CPU.Build.0 = Release|Any CPU
		{2DEC3672-70AA-4D54-B1EC-E941305ECE50}.Debug|Any CPU.ActiveCfg = Debug|Any CPU
		{2DEC3672-70AA-4D54-B1EC-E941305ECE50}.Debug|Any CPU.Build.0 = Debug|Any CPU
		{2DEC3672-70AA-4D54-B1EC-E941305ECE50}.Release|Any CPU.ActiveCfg = Release|Any CPU
		{2DEC3672-70AA-4D54-B1EC-E941305ECE50}.Release|Any CPU.Build.0 = Release|Any CPU
		{93181C70-5DA0-4C25-995D-9B2778D0E76B}.Debug|Any CPU.ActiveCfg = Debug|Any CPU
		{93181C70-5DA0-4C25-995D-9B2778D0E76B}.Debug|Any CPU.Build.0 = Debug|Any CPU
		{93181C70-5DA0-4C25-995D-9B2778D0E76B}.Release|Any CPU.ActiveCfg = Release|Any CPU
		{93181C70-5DA0-4C25-995D-9B2778D0E76B}.Release|Any CPU.Build.0 = Release|Any CPU
	EndGlobalSection
	GlobalSection(SolutionProperties) = preSolution
		HideSolutionNode = FALSE
	EndGlobalSection
	GlobalSection(NestedProjects) = preSolution
		{E6B43D2C-4869-4AFA-90D2-5DEEB0AA1008} = {02EA681E-C7D8-13C7-8484-4AC65E1B71E8}
		{2A6A4A42-B138-4003-972E-610E337F89C7} = {0D186028-A922-4B95-92AD-29C872AB6AFD}
		{2DEC3672-70AA-4D54-B1EC-E941305ECE50} = {B778893C-82DB-481A-ACC0-8B801B0749C7}
		{93181C70-5DA0-4C25-995D-9B2778D0E76B} = {89EBCD25-1FB2-47AF-B1D7-AE9ED8CBD87E}
	EndGlobalSection
	GlobalSection(ExtensibilityGlobals) = postSolution
		SolutionGuid = {A4B17141-CC48-4942-AA72-852311062BD6}
	EndGlobalSection
EndGlobal
